
Microsoft Visual Studio Solution File, Format Version 12.00
# Visual Studio Version 17
VisualStudioVersion = 17.11.35208.52
MinimumVisualStudioVersion = 10.0.40219.1
Project("{9A19103F-16F7-4668-BE54-9A1E7A4F7556}") = "TABP.Domain", "TABP.Domain\TABP.Domain.csproj", "{5AFD1EFC-FAFF-4A45-9018-109C5A33A765}"
EndProject
Project("{9A19103F-16F7-4668-BE54-9A1E7A4F7556}") = "TABP.Application", "TABP.Application\TABP.Application.csproj", "{F058BA9D-3221-468A-8740-62650C6E4D1D}"
EndProject
Project("{9A19103F-16F7-4668-BE54-9A1E7A4F7556}") = "TABP.Infrastructure", "TABP.Infrastructure\TABP.Infrastructure.csproj", "{C1CD538C-9AA1-47FF-9CA0-AB879A8CC5B6}"
EndProject
Project("{9A19103F-16F7-4668-BE54-9A1E7A4F7556}") = "TABP.WebAPI", "TABP.WebAPI\TABP.WebAPI.csproj", "{38B0CF8F-76AD-4060-9F04-BC24D04F7DEC}"
EndProject
Project("{9A19103F-16F7-4668-BE54-9A1E7A4F7556}") = "TABP.Presentation", "TABP.Presentation\TABP.Presentation.csproj", "{0DD6DF95-9AD5-45BF-8492-045FB2523D9A}"
EndProject
Project("{2150E333-8FDC-42A3-9474-1A3956D46DE8}") = "src", "src", "{FA0952B6-5F12-4C96-AD70-164D3F2D0C4B}"
EndProject
Project("{2150E333-8FDC-42A3-9474-1A3956D46DE8}") = "External", "External", "{920F2B45-4D3F-4307-8A25-15EB016B50B5}"
EndProject
Project("{2150E333-8FDC-42A3-9474-1A3956D46DE8}") = "Core", "Core", "{A329E843-3FBC-4C73-BB6A-F5AE04D1D991}"
EndProject
Project("{E53339B2-1760-4266-BCC7-CA923CBCF16C}") = "docker-compose", "docker-compose.dcproj", "{29FCCCEA-F256-4E09-9B91-F8A2372292C3}"
EndProject
Project("{9A19103F-16F7-4668-BE54-9A1E7A4F7556}") = "TABP.Tests", "test\TABP.Tests\TABP.Tests.csproj", "{76519150-F4D8-46FD-96FD-5EFB1A683142}"
EndProject
Global
	GlobalSection(SolutionConfigurationPlatforms) = preSolution
		Debug|Any CPU = Debug|Any CPU
		Release|Any CPU = Release|Any CPU
	EndGlobalSection
	GlobalSection(ProjectConfigurationPlatforms) = postSolution
		{5AFD1EFC-FAFF-4A45-9018-109C5A33A765}.Debug|Any CPU.ActiveCfg = Debug|Any CPU
		{5AFD1EFC-FAFF-4A45-9018-109C5A33A765}.Debug|Any CPU.Build.0 = Debug|Any CPU
		{5AFD1EFC-FAFF-4A45-9018-109C5A33A765}.Release|Any CPU.ActiveCfg = Release|Any CPU
		{5AFD1EFC-FAFF-4A45-9018-109C5A33A765}.Release|Any CPU.Build.0 = Release|Any CPU
		{F058BA9D-3221-468A-8740-62650C6E4D1D}.Debug|Any CPU.ActiveCfg = Debug|Any CPU
		{F058BA9D-3221-468A-8740-62650C6E4D1D}.Debug|Any CPU.Build.0 = Debug|Any CPU
		{F058BA9D-3221-468A-8740-62650C6E4D1D}.Release|Any CPU.ActiveCfg = Release|Any CPU
		{F058BA9D-3221-468A-8740-62650C6E4D1D}.Release|Any CPU.Build.0 = Release|Any CPU
		{C1CD538C-9AA1-47FF-9CA0-AB879A8CC5B6}.Debug|Any CPU.ActiveCfg = Debug|Any CPU
		{C1CD538C-9AA1-47FF-9CA0-AB879A8CC5B6}.Debug|Any CPU.Build.0 = Debug|Any CPU
		{C1CD538C-9AA1-47FF-9CA0-AB879A8CC5B6}.Release|Any CPU.ActiveCfg = Release|Any CPU
		{C1CD538C-9AA1-47FF-9CA0-AB879A8CC5B6}.Release|Any CPU.Build.0 = Release|Any CPU
		{38B0CF8F-76AD-4060-9F04-BC24D04F7DEC}.Debug|Any CPU.ActiveCfg = Debug|Any CPU
		{38B0CF8F-76AD-4060-9F04-BC24D04F7DEC}.Debug|Any CPU.Build.0 = Debug|Any CPU
		{38B0CF8F-76AD-4060-9F04-BC24D04F7DEC}.Release|Any CPU.ActiveCfg = Release|Any CPU
		{38B0CF8F-76AD-4060-9F04-BC24D04F7DEC}.Release|Any CPU.Build.0 = Release|Any CPU
		{0DD6DF95-9AD5-45BF-8492-045FB2523D9A}.Debug|Any CPU.ActiveCfg = Debug|Any CPU
		{0DD6DF95-9AD5-45BF-8492-045FB2523D9A}.Debug|Any CPU.Build.0 = Debug|Any CPU
		{0DD6DF95-9AD5-45BF-8492-045FB2523D9A}.Release|Any CPU.ActiveCfg = Release|Any CPU
		{0DD6DF95-9AD5-45BF-8492-045FB2523D9A}.Release|Any CPU.Build.0 = Release|Any CPU
		{29FCCCEA-F256-4E09-9B91-F8A2372292C3}.Debug|Any CPU.ActiveCfg = Debug|Any CPU
		{29FCCCEA-F256-4E09-9B91-F8A2372292C3}.Debug|Any CPU.Build.0 = Debug|Any CPU
		{29FCCCEA-F256-4E09-9B91-F8A2372292C3}.Release|Any CPU.ActiveCfg = Release|Any CPU
		{29FCCCEA-F256-4E09-9B91-F8A2372292C3}.Release|Any CPU.Build.0 = Release|Any CPU
		{76519150-F4D8-46FD-96FD-5EFB1A683142}.Debug|Any CPU.ActiveCfg = Debug|Any CPU
		{76519150-F4D8-46FD-96FD-5EFB1A683142}.Debug|Any CPU.Build.0 = Debug|Any CPU
		{76519150-F4D8-46FD-96FD-5EFB1A683142}.Release|Any CPU.ActiveCfg = Release|Any CPU
		{76519150-F4D8-46FD-96FD-5EFB1A683142}.Release|Any CPU.Build.0 = Release|Any CPU
	EndGlobalSection
	GlobalSection(SolutionProperties) = preSolution
		HideSolutionNode = FALSE
	EndGlobalSection
	GlobalSection(NestedProjects) = preSolution
		{5AFD1EFC-FAFF-4A45-9018-109C5A33A765} = {A329E843-3FBC-4C73-BB6A-F5AE04D1D991}
		{F058BA9D-3221-468A-8740-62650C6E4D1D} = {A329E843-3FBC-4C73-BB6A-F5AE04D1D991}
		{C1CD538C-9AA1-47FF-9CA0-AB879A8CC5B6} = {920F2B45-4D3F-4307-8A25-15EB016B50B5}
		{38B0CF8F-76AD-4060-9F04-BC24D04F7DEC} = {FA0952B6-5F12-4C96-AD70-164D3F2D0C4B}
		{0DD6DF95-9AD5-45BF-8492-045FB2523D9A} = {920F2B45-4D3F-4307-8A25-15EB016B50B5}
		{920F2B45-4D3F-4307-8A25-15EB016B50B5} = {FA0952B6-5F12-4C96-AD70-164D3F2D0C4B}
		{A329E843-3FBC-4C73-BB6A-F5AE04D1D991} = {FA0952B6-5F12-4C96-AD70-164D3F2D0C4B}
		{29FCCCEA-F256-4E09-9B91-F8A2372292C3} = {FA0952B6-5F12-4C96-AD70-164D3F2D0C4B}
	EndGlobalSection
	GlobalSection(ExtensibilityGlobals) = postSolution
		SolutionGuid = {2431C92C-5428-40E0-8C2F-64B2257AD486}
	EndGlobalSection
EndGlobal
